
Microsoft Visual Studio Solution File, Format Version 12.00
# Visual Studio Version 16
VisualStudioVersion = 16.0.31702.278
MinimumVisualStudioVersion = 10.0.40219.1
Project("{FAE04EC0-301F-11D3-BF4B-00C04F79EFBC}") = "RussianDoll", "RussianDoll\RussianDoll.csproj", "{07417E48-AF37-4EFC-94FB-459019AFCB6F}"
EndProject
Global
	GlobalSection(SolutionConfigurationPlatforms) = preSolution
		Debug|Any CPU = Debug|Any CPU
		Release|Any CPU = Release|Any CPU
	EndGlobalSection
	GlobalSection(ProjectConfigurationPlatforms) = postSolution
		{07417E48-AF37-4EFC-94FB-459019AFCB6F}.Debug|Any CPU.ActiveCfg = Debug|Any CPU
		{07417E48-AF37-4EFC-94FB-459019AFCB6F}.Debug|Any CPU.Build.0 = Debug|Any CPU
		{07417E48-AF37-4EFC-94FB-459019AFCB6F}.Release|Any CPU.ActiveCfg = Release|Any CPU
		{07417E48-AF37-4EFC-94FB-459019AFCB6F}.Release|Any CPU.Build.0 = Release|Any CPU
	EndGlobalSection
	GlobalSection(SolutionProperties) = preSolution
		HideSolutionNode = FALSE
	EndGlobalSection
	GlobalSection(ExtensibilityGlobals) = postSolution
		SolutionGuid = {EEAEAC64-5BC2-43BD-BB35-9BF28590B450}
	EndGlobalSection
EndGlobal
